github.com/richardlehane/msoleps v1.0.3 h1:aznSZzrwYRl3rLKRT3gUk9am7T/mLNSnJINvN0AQoVM=
github.com/richardlehane/msoleps v1.0.3/go.mod h1:BWev5JBpU9Ko2WAgmZEuiz4/u3ZYTKbjLycmwiWUfWg=
github.com/unidoc/unioffice v1.29.1 h1:HdFQJkw+EQpM4feGnAlY/Gw2wDRhax/bPrWmkCTcMGc=
github.com/unidoc/unioffice v1.29.1/go.mod h1:gtM5yLFuMbD3UJcnbXhqk6x5JTliSMrWkSR9uyZU3PY=
